PODS:
  - DNCommonKit (7):
    - DNCommonKit/DNBaseMacro (= 7)
    - DNCommonKit/DNCustomView (= 7)
    - DNCommonKit/DNHandyCategory (= 7)
    - DNCommonKit/DNLayout (= 7)
    - DNCommonKit/DNTools (= 7)
  - DNCommonKit/DNBaseMacro (7)
  - DNCommonKit/DNCustomView (7):
    - DNCommonKit/DNHandyCategory
  - DNCommonKit/DNHandyCategory (7):
    - DNCommonKit/DNLayout
    - SDWebImage
  - DNCommonKit/DNLayout (7)
  - DNCommonKit/DNTools (7):
    - YYText
  - SDWebImage (4.4.2):
    - SDWebImage/Core (= 4.4.2)
  - SDWebImage/Core (4.4.2)
  - YYText (1.0.7)

DEPENDENCIES:
  - DNCommonKit (from `../`)
  - SDWebImage
  - YYText

SPEC REPOS:
  https://github.com/cocoapods/specs.git:
    - SDWebImage
    - YYText

EXTERNAL SOURCES:
  DNCommonKit:
    :path: "../"

SPEC CHECKSUMS:
  DNCommonKit: e0a7db59bd9309e7552189fd0c025e5b0e529fc9
  SDWebImage: 624d6e296c69b244bcede364c72ae0430ac14681
  YYText: 5c461d709e24d55a182d1441c41dc639a18a4849

PODFILE CHECKSUM: aa67c5e5d59b1c9748b471c5c8eabdd1756d12d8

COCOAPODS: 1.5.3
