PODS:
  - DNCommonKit (4):
    - SDWebImage
  - SDWebImage (4.4.2):
    - SDWebImage/Core (= 4.4.2)
  - SDWebImage/Core (4.4.2)

DEPENDENCIES:
  - DNCommonKit (from `../`)
  - SDWebImage

EXTERNAL SOURCES:
  DNCommonKit:
    :path: ../

SPEC CHECKSUMS:
  DNCommonKit: 3e1108d3a126e85280068094cc6a12dbb7404906
  SDWebImage: 624d6e296c69b244bcede364c72ae0430ac14681

PODFILE CHECKSUM: 8fd922ed731fffcb60fd53e4177e50ac762d5050

COCOAPODS: 1.4.0
